# This file is generated by running "yarn install" inside your project.
# Manual changes might be lost - proceed with caution!

__metadata:
  version: 8
  cacheKey: 10c0

"@esbuild/aix-ppc64@npm:0.25.10":
  version: 0.25.10
  resolution: "@esbuild/aix-ppc64@npm:0.25.10"
  conditions: os=aix & cpu=ppc64
  languageName: node
  linkType: hard

"@esbuild/android-arm64@npm:0.25.10":
  version: 0.25.10
  resolution: "@esbuild/android-arm64@npm:0.25.10"
  conditions: os=android & cpu=arm64
  languageName: node
  linkType: hard

"@esbuild/android-arm@npm:0.25.10":
  version: 0.25.10
  resolution: "@esbuild/android-arm@npm:0.25.10"
  conditions: os=android & cpu=arm
  languageName: node
  linkType: hard

"@esbuild/android-x64@npm:0.25.10":
  version: 0.25.10
  resolution: "@esbuild/android-x64@npm:0.25.10"
  conditions: os=android & cpu=x64
  languageName: node
  linkType: hard

"@esbuild/darwin-arm64@npm:0.25.10":
  version: 0.25.10
  resolution: "@esbuild/darwin-arm64@npm:0.25.10"
  conditions: os=darwin & cpu=arm64
  languageName: node
  linkType: hard

"@esbuild/darwin-x64@npm:0.25.10":
  version: 0.25.10
  resolution: "@esbuild/darwin-x64@npm:0.25.10"
  conditions: os=darwin & cpu=x64
  languageName: node
  linkType: hard

"@esbuild/freebsd-arm64@npm:0.25.10":
  version: 0.25.10
  resolution: "@esbuild/freebsd-arm64@npm:0.25.10"
  conditions: os=freebsd & cpu=arm64
  languageName: node
  linkType: hard

"@esbuild/freebsd-x64@npm:0.25.10":
  version: 0.25.10
  resolution: "@esbuild/freebsd-x64@npm:0.25.10"
  conditions: os=freebsd & cpu=x64
  languageName: node
  linkType: hard

"@esbuild/linux-arm64@npm:0.25.10":
  version: 0.25.10
  resolution: "@esbuild/linux-arm64@npm:0.25.10"
  conditions: os=linux & cpu=arm64
  languageName: node
  linkType: hard

"@esbuild/linux-arm@npm:0.25.10":
  version: 0.25.10
  resolution: "@esbuild/linux-arm@npm:0.25.10"
  conditions: os=linux & cpu=arm
  languageName: node
  linkType: hard

"@esbuild/linux-ia32@npm:0.25.10":
  version: 0.25.10
  resolution: "@esbuild/linux-ia32@npm:0.25.10"
  conditions: os=linux & cpu=ia32
  languageName: node
  linkType: hard

"@esbuild/linux-loong64@npm:0.25.10":
  version: 0.25.10
  resolution: "@esbuild/linux-loong64@npm:0.25.10"
  conditions: os=linux & cpu=loong64
  languageName: node
  linkType: hard

"@esbuild/linux-mips64el@npm:0.25.10":
  version: 0.25.10
  resolution: "@esbuild/linux-mips64el@npm:0.25.10"
  conditions: os=linux & cpu=mips64el
  languageName: node
  linkType: hard

"@esbuild/linux-ppc64@npm:0.25.10":
  version: 0.25.10
  resolution: "@esbuild/linux-ppc64@npm:0.25.10"
  conditions: os=linux & cpu=ppc64
  languageName: node
  linkType: hard

"@esbuild/linux-riscv64@npm:0.25.10":
  version: 0.25.10
  resolution: "@esbuild/linux-riscv64@npm:0.25.10"
  conditions: os=linux & cpu=riscv64
  languageName: node
  linkType: hard

"@esbuild/linux-s390x@npm:0.25.10":
  version: 0.25.10
  resolution: "@esbuild/linux-s390x@npm:0.25.10"
  conditions: os=linux & cpu=s390x
  languageName: node
  linkType: hard

"@esbuild/linux-x64@npm:0.25.10":
  version: 0.25.10
  resolution: "@esbuild/linux-x64@npm:0.25.10"
  conditions: os=linux & cpu=x64
  languageName: node
  linkType: hard

"@esbuild/netbsd-arm64@npm:0.25.10":
  version: 0.25.10
  resolution: "@esbuild/netbsd-arm64@npm:0.25.10"
  conditions: os=netbsd & cpu=arm64
  languageName: node
  linkType: hard

"@esbuild/netbsd-x64@npm:0.25.10":
  version: 0.25.10
  resolution: "@esbuild/netbsd-x64@npm:0.25.10"
  conditions: os=netbsd & cpu=x64
  languageName: node
  linkType: hard

"@esbuild/openbsd-arm64@npm:0.25.10":
  version: 0.25.10
  resolution: "@esbuild/openbsd-arm64@npm:0.25.10"
  conditions: os=openbsd & cpu=arm64
  languageName: node
  linkType: hard

"@esbuild/openbsd-x64@npm:0.25.10":
  version: 0.25.10
  resolution: "@esbuild/openbsd-x64@npm:0.25.10"
  conditions: os=openbsd & cpu=x64
  languageName: node
  linkType: hard

"@esbuild/openharmony-arm64@npm:0.25.10":
  version: 0.25.10
  resolution: "@esbuild/openharmony-arm64@npm:0.25.10"
  conditions: os=openharmony & cpu=arm64
  languageName: node
  linkType: hard

"@esbuild/sunos-x64@npm:0.25.10":
  version: 0.25.10
  resolution: "@esbuild/sunos-x64@npm:0.25.10"
  conditions: os=sunos & cpu=x64
  languageName: node
  linkType: hard

"@esbuild/win32-arm64@npm:0.25.10":
  version: 0.25.10
  resolution: "@esbuild/win32-arm64@npm:0.25.10"
  conditions: os=win32 & cpu=arm64
  languageName: node
  linkType: hard

"@esbuild/win32-ia32@npm:0.25.10":
  version: 0.25.10
  resolution: "@esbuild/win32-ia32@npm:0.25.10"
  conditions: os=win32 & cpu=ia32
  languageName: node
  linkType: hard

"@esbuild/win32-x64@npm:0.25.10":
  version: 0.25.10
  resolution: "@esbuild/win32-x64@npm:0.25.10"
  conditions: os=win32 & cpu=x64
  languageName: node
  linkType: hard

"@hotwired/stimulus@npm:^3.2.2":
  version: 3.2.2
  resolution: "@hotwired/stimulus@npm:3.2.2"
  checksum: 10c0/3793919e353d28424f57d07e6b634bf6e8821c227acfa2a608aaa8bdfe7e80479acef12705168ca866f3c231399f4a939fb0cd089aaae04c406b3d885a3b35ea
  languageName: node
  linkType: hard

"@hotwired/turbo-rails@npm:^8.0.16":
  version: 8.0.16
  resolution: "@hotwired/turbo-rails@npm:8.0.16"
  dependencies:
    "@hotwired/turbo": "npm:^8.0.13"
    "@rails/actioncable": "npm:>=7.0"
  checksum: 10c0/a3781bf5e7c798307754a726b5b66f63e4ec71a74e508549f257b3acf834ffc5c28baaf03b8dcdeeb7b35caa361769e417bbca629dcf873729398773585d35ca
  languageName: node
  linkType: hard

"@hotwired/turbo@npm:^8.0.13":
  version: 8.0.13
  resolution: "@hotwired/turbo@npm:8.0.13"
  checksum: 10c0/fc9fd58ce2e006ad2f9e3948cf1ec71f47187ce8115f03e531bab849d0e13abc94cd0067f0888f7064d730b4c1a8212101bfa6d55f6166c6ad2db275e280149a
  languageName: node
  linkType: hard

"@popperjs/core@npm:^2.11.8":
  version: 2.11.8
  resolution: "@popperjs/core@npm:2.11.8"
  checksum: 10c0/4681e682abc006d25eb380d0cf3efc7557043f53b6aea7a5057d0d1e7df849a00e281cd8ea79c902a35a414d7919621fc2ba293ecec05f413598e0b23d5a1e63
  languageName: node
  linkType: hard

"@rails/actioncable@npm:>=7.0":
  version: 8.0.201
  resolution: "@rails/actioncable@npm:8.0.201"
  checksum: 10c0/422bc0ad1b2ce84365b4ab65ed7b606d07bb591fa6ac91251e24942d33c3f7202d4f4d4ae758ce91f5bc44c834067c7c7af2e572015a89705feb52c8cbdfe4d6
  languageName: node
  linkType: hard

"bootstrap@npm:^5.3.8":
  version: 5.3.8
  resolution: "bootstrap@npm:5.3.8"
  peerDependencies:
    "@popperjs/core": ^2.11.8
  checksum: 10c0/0039a9df2c3e7bfa04f1abca199c299ff3b75869d578c0cb1721c6f1f203c91531788a5631ecbee01513481979314d0e4ba0d90c2011e6ce18fc2e0bc93e18d9
  languageName: node
  linkType: hard

"esbuild@npm:^0.25.10":
  version: 0.25.10
  resolution: "esbuild@npm:0.25.10"
  dependencies:
    "@esbuild/aix-ppc64": "npm:0.25.10"
    "@esbuild/android-arm": "npm:0.25.10"
    "@esbuild/android-arm64": "npm:0.25.10"
    "@esbuild/android-x64": "npm:0.25.10"
    "@esbuild/darwin-arm64": "npm:0.25.10"
    "@esbuild/darwin-x64": "npm:0.25.10"
    "@esbuild/freebsd-arm64": "npm:0.25.10"
    "@esbuild/freebsd-x64": "npm:0.25.10"
    "@esbuild/linux-arm": "npm:0.25.10"
    "@esbuild/linux-arm64": "npm:0.25.10"
    "@esbuild/linux-ia32": "npm:0.25.10"
    "@esbuild/linux-loong64": "npm:0.25.10"
    "@esbuild/linux-mips64el": "npm:0.25.10"
    "@esbuild/linux-ppc64": "npm:0.25.10"
    "@esbuild/linux-riscv64": "npm:0.25.10"
    "@esbuild/linux-s390x": "npm:0.25.10"
    "@esbuild/linux-x64": "npm:0.25.10"
    "@esbuild/netbsd-arm64": "npm:0.25.10"
    "@esbuild/netbsd-x64": "npm:0.25.10"
    "@esbuild/openbsd-arm64": "npm:0.25.10"
    "@esbuild/openbsd-x64": "npm:0.25.10"
    "@esbuild/openharmony-arm64": "npm:0.25.10"
    "@esbuild/sunos-x64": "npm:0.25.10"
    "@esbuild/win32-arm64": "npm:0.25.10"
    "@esbuild/win32-ia32": "npm:0.25.10"
    "@esbuild/win32-x64": "npm:0.25.10"
  dependenciesMeta:
    "@esbuild/aix-ppc64":
      optional: true
    "@esbuild/android-arm":
      optional: true
    "@esbuild/android-arm64":
      optional: true
    "@esbuild/android-x64":
      optional: true
    "@esbuild/darwin-arm64":
      optional: true
    "@esbuild/darwin-x64":
      optional: true
    "@esbuild/freebsd-arm64":
      optional: true
    "@esbuild/freebsd-x64":
      optional: true
    "@esbuild/linux-arm":
      optional: true
    "@esbuild/linux-arm64":
      optional: true
    "@esbuild/linux-ia32":
      optional: true
    "@esbuild/linux-loong64":
      optional: true
    "@esbuild/linux-mips64el":
      optional: true
    "@esbuild/linux-ppc64":
      optional: true
    "@esbuild/linux-riscv64":
      optional: true
    "@esbuild/linux-s390x":
      optional: true
    "@esbuild/linux-x64":
      optional: true
    "@esbuild/netbsd-arm64":
      optional: true
    "@esbuild/netbsd-x64":
      optional: true
    "@esbuild/openbsd-arm64":
      optional: true
    "@esbuild/openbsd-x64":
      optional: true
    "@esbuild/openharmony-arm64":
      optional: true
    "@esbuild/sunos-x64":
      optional: true
    "@esbuild/win32-arm64":
      optional: true
    "@esbuild/win32-ia32":
      optional: true
    "@esbuild/win32-x64":
      optional: true
  bin:
    esbuild: bin/esbuild
  checksum: 10c0/8ee5fdd43ed0d4092ce7f41577c63147f54049d5617763f0549c638bbe939e8adaa8f1a2728adb63417eb11df51956b7b0d8eb88ee08c27ad1d42960256158fa
  languageName: node
  linkType: hard

"root-workspace-0b6124@workspace:.":
  version: 0.0.0-use.local
  resolution: "root-workspace-0b6124@workspace:."
  dependencies:
    "@hotwired/stimulus": "npm:^3.2.2"
    "@hotwired/turbo-rails": "npm:^8.0.16"
    "@popperjs/core": "npm:^2.11.8"
    bootstrap: "npm:^5.3.8"
    esbuild: "npm:^0.25.10"
  languageName: unknown
  linkType: soft
