# This file is generated by running "yarn install" inside your project.
# Manual changes might be lost - proceed with caution!

__metadata:
  version: 8
  cacheKey: 10c0

"@hotwired/stimulus@npm:^3.2.2":
  version: 3.2.2
  resolution: "@hotwired/stimulus@npm:3.2.2"
  checksum: 10c0/3793919e353d28424f57d07e6b634bf6e8821c227acfa2a608aaa8bdfe7e80479acef12705168ca866f3c231399f4a939fb0cd089aaae04c406b3d885a3b35ea
  languageName: node
  linkType: hard

"@hotwired/turbo-rails@npm:^8.0.16":
  version: 8.0.16
  resolution: "@hotwired/turbo-rails@npm:8.0.16"
  dependencies:
    "@hotwired/turbo": "npm:^8.0.13"
    "@rails/actioncable": "npm:>=7.0"
  checksum: 10c0/a3781bf5e7c798307754a726b5b66f63e4ec71a74e508549f257b3acf834ffc5c28baaf03b8dcdeeb7b35caa361769e417bbca629dcf873729398773585d35ca
  languageName: node
  linkType: hard

"@hotwired/turbo@npm:^8.0.13":
  version: 8.0.13
  resolution: "@hotwired/turbo@npm:8.0.13"
  checksum: 10c0/fc9fd58ce2e006ad2f9e3948cf1ec71f47187ce8115f03e531bab849d0e13abc94cd0067f0888f7064d730b4c1a8212101bfa6d55f6166c6ad2db275e280149a
  languageName: node
  linkType: hard

"@popperjs/core@npm:^2.11.8":
  version: 2.11.8
  resolution: "@popperjs/core@npm:2.11.8"
  checksum: 10c0/4681e682abc006d25eb380d0cf3efc7557043f53b6aea7a5057d0d1e7df849a00e281cd8ea79c902a35a414d7919621fc2ba293ecec05f413598e0b23d5a1e63
  languageName: node
  linkType: hard

"@rails/actioncable@npm:>=7.0":
  version: 8.0.201
  resolution: "@rails/actioncable@npm:8.0.201"
  checksum: 10c0/422bc0ad1b2ce84365b4ab65ed7b606d07bb591fa6ac91251e24942d33c3f7202d4f4d4ae758ce91f5bc44c834067c7c7af2e572015a89705feb52c8cbdfe4d6
  languageName: node
  linkType: hard

"root-workspace-0b6124@workspace:.":
  version: 0.0.0-use.local
  resolution: "root-workspace-0b6124@workspace:."
  dependencies:
    "@hotwired/stimulus": "npm:^3.2.2"
    "@hotwired/turbo-rails": "npm:^8.0.16"
    "@popperjs/core": "npm:^2.11.8"
  languageName: unknown
  linkType: soft
